{
  "name": "nrf24l01",
  "version": "1.0.0",
  "lockfileVersion": 1,
  "requires": true,
  "dependencies": {
    "asciichart": {
      "version": "1.5.25",
      "resolved": "https://registry.npmjs.org/asciichart/-/asciichart-1.5.25.tgz",
      "integrity": "sha512-PNxzXIPPOtWq8T7bgzBtk9cI2lgS4SJZthUHEiQ1aoIc3lNzGfUvIvo9LiAnq26TACo9t1/4qP6KTGAUbzX9Xg=="
    },
    "python-shell": {
      "version": "2.0.1",
      "resolved": "https://registry.npmjs.org/python-shell/-/python-shell-2.0.1.tgz",
      "integrity": "sha512-Ys+SiCinY9JrldIJxGWd2AMQSQZLU7PFzrCWY7HTawZ73tIthFdlLLU1Y6Y40Hwdutc+TmfMe5TXNU73s07Xyg=="
    }
  }
}
